<?xml version="1.0" encoding="utf-8"?>
<Project ToolsVersion="4.0" xmlns="http://schemas.microsoft.com/developer/msbuild/2003">
  <ItemGroup>
    <ClCompile Include="ctApp.cpp" />
    <ClCompile Include="ctMain.cpp" />
    <ClCompile Include="Goal.cpp" />
    <ClCompile Include="SceneCity.cpp" />
    <ClCompile Include="ctFonts.cpp">
      <Filter>Tools</Filter>
    </ClCompile>
    <ClCompile Include="ctLog.cpp">
      <Filter>Tools</Filter>
    </ClCompile>
    <ClCompile Include="pugixml.cpp">
      <Filter>Tools</Filter>
    </ClCompile>
    <ClCompile Include="ctPerfTimer.cpp">
      <Filter>Tools</Filter>
    </ClCompile>
    <ClCompile Include="ctTimer.cpp">
      <Filter>Tools</Filter>
    </ClCompile>
    <ClCompile Include="Entity.cpp">
      <Filter>Entities</Filter>
    </ClCompile>
    <ClCompile Include="Player.cpp">
      <Filter>Entities</Filter>
    </ClCompile>
    <ClCompile Include="ctAudio.cpp">
      <Filter>Modules</Filter>
    </ClCompile>
    <ClCompile Include="ctEntities.cpp">
      <Filter>Modules</Filter>
    </ClCompile>
    <ClCompile Include="ctFadeToBlack.cpp">
      <Filter>Modules</Filter>
    </ClCompile>
    <ClCompile Include="ctGui.cpp">
      <Filter>Modules</Filter>
    </ClCompile>
    <ClCompile Include="ctInput.cpp">
      <Filter>Modules</Filter>
    </ClCompile>
    <ClCompile Include="ctRender.cpp">
      <Filter>Modules</Filter>
    </ClCompile>
    <ClCompile Include="ctTextures.cpp">
      <Filter>Modules</Filter>
    </ClCompile>
    <ClCompile Include="ctWindow.cpp">
      <Filter>Modules</Filter>
    </ClCompile>
    <ClCompile Include="j1Collision.cpp">
      <Filter>Modules</Filter>
    </ClCompile>
    <ClCompile Include="j1Printer.cpp">
      <Filter>Modules</Filter>
    </ClCompile>
    <ClCompile Include="UIButton.cpp">
      <Filter>UIElements</Filter>
    </ClCompile>
    <ClCompile Include="UIElement.cpp">
      <Filter>UIElements</Filter>
    </ClCompile>
    <ClCompile Include="UIImage.cpp">
      <Filter>UIElements</Filter>
    </ClCompile>
    <ClCompile Include="UILabel.cpp">
      <Filter>UIElements</Filter>
    </ClCompile>
    <ClCompile Include="UITextBox.cpp">
      <Filter>UIElements</Filter>
    </ClCompile>
  </ItemGroup>
  <ItemGroup>
    <ClInclude Include="ctApp.h" />
    <ClInclude Include="Goal.h" />
    <ClInclude Include="SceneCity.h" />
    <ClInclude Include="ctAnimation.h">
      <Filter>Tools</Filter>
    </ClInclude>
    <ClInclude Include="ctDefs.h">
      <Filter>Tools</Filter>
    </ClInclude>
    <ClInclude Include="ctFonts.h">
      <Filter>Tools</Filter>
    </ClInclude>
    <ClInclude Include="ctLog.h">
      <Filter>Tools</Filter>
    </ClInclude>
    <ClInclude Include="pugiconfig.hpp">
      <Filter>Tools</Filter>
    </ClInclude>
    <ClInclude Include="pugixml.hpp">
      <Filter>Tools</Filter>
    </ClInclude>
    <ClInclude Include="MemLeaks.h">
      <Filter>Tools</Filter>
    </ClInclude>
    <ClInclude Include="ctPerfTimer.h">
      <Filter>Tools</Filter>
    </ClInclude>
    <ClInclude Include="ctPoint.h">
      <Filter>Tools</Filter>
    </ClInclude>
    <ClInclude Include="Entity.h">
      <Filter>Entities</Filter>
    </ClInclude>
    <ClInclude Include="Player.h">
      <Filter>Entities</Filter>
    </ClInclude>
    <ClInclude Include="ctAudio.h">
      <Filter>Modules</Filter>
    </ClInclude>
    <ClInclude Include="ctEntities.h">
      <Filter>Modules</Filter>
    </ClInclude>
    <ClInclude Include="ctFadeToBlack.h">
      <Filter>Modules</Filter>
    </ClInclude>
    <ClInclude Include="ctGui.h">
      <Filter>Modules</Filter>
    </ClInclude>
    <ClInclude Include="ctInput.h">
      <Filter>Modules</Filter>
    </ClInclude>
    <ClInclude Include="ctModule.h">
      <Filter>Modules</Filter>
    </ClInclude>
    <ClInclude Include="ctRender.h">
      <Filter>Modules</Filter>
    </ClInclude>
    <ClInclude Include="ctTextures.h">
      <Filter>Modules</Filter>
    </ClInclude>
    <ClInclude Include="ctWindow.h">
      <Filter>Modules</Filter>
    </ClInclude>
    <ClInclude Include="j1Collision.h">
      <Filter>Modules</Filter>
    </ClInclude>
    <ClInclude Include="j1Printer.h">
      <Filter>Modules</Filter>
    </ClInclude>
    <ClInclude Include="ctTimer.h">
      <Filter>Tools</Filter>
    </ClInclude>
    <ClInclude Include="UIButton.h">
      <Filter>UIElements</Filter>
    </ClInclude>
    <ClInclude Include="UIElement.h">
      <Filter>UIElements</Filter>
    </ClInclude>
    <ClInclude Include="UIImage.h">
      <Filter>UIElements</Filter>
    </ClInclude>
    <ClInclude Include="UILabel.h">
      <Filter>UIElements</Filter>
    </ClInclude>
    <ClInclude Include="UITextBox.h">
      <Filter>UIElements</Filter>
    </ClInclude>
  </ItemGroup>
  <ItemGroup>
    <Filter Include="Tools">
      <UniqueIdentifier>{7ffd361e-1024-4c0e-a158-4315c8f9e83f}</UniqueIdentifier>
    </Filter>
    <Filter Include="Entities">
      <UniqueIdentifier>{f74a0943-6d52-4203-838f-3f1c1b6243f6}</UniqueIdentifier>
    </Filter>
    <Filter Include="Modules">
      <UniqueIdentifier>{2bd1940b-ea6a-4df2-81a7-fed9a9584472}</UniqueIdentifier>
    </Filter>
    <Filter Include="UIElements">
      <UniqueIdentifier>{c94753ee-f8bf-43d7-8e3a-53a19c60bd7f}</UniqueIdentifier>
    </Filter>
  </ItemGroup>
</Project>