<?xml version="1.0" encoding="utf-8"?>
<Project ToolsVersion="4.0" xmlns="http://schemas.microsoft.com/developer/msbuild/2003">
  <ItemGroup>
    <ClCompile Include="ctApp.cpp" />
    <ClCompile Include="ctAudio.cpp" />
    <ClCompile Include="ctEntities.cpp" />
    <ClCompile Include="ctFadeToBlack.cpp" />
    <ClCompile Include="ctFonts.cpp" />
    <ClCompile Include="ctGui.cpp" />
    <ClCompile Include="ctInput.cpp" />
    <ClCompile Include="ctLog.cpp" />
    <ClCompile Include="ctMain.cpp" />
    <ClCompile Include="ctPerfTimer.cpp" />
    <ClCompile Include="ctRender.cpp" />
    <ClCompile Include="ctTextures.cpp" />
    <ClCompile Include="ctTimer.cpp" />
    <ClCompile Include="ctWindow.cpp" />
    <ClCompile Include="Entity.cpp" />
    <ClCompile Include="Goal.cpp" />
    <ClCompile Include="j1Collision.cpp" />
    <ClCompile Include="j1Printer.cpp" />
    <ClCompile Include="pugixml.cpp" />
    <ClCompile Include="SceneCity.cpp" />
    <ClCompile Include="UIButton.cpp" />
    <ClCompile Include="UIElement.cpp" />
    <ClCompile Include="UIImage.cpp" />
    <ClCompile Include="UILabel.cpp" />
    <ClCompile Include="UITextBox.cpp" />
    <ClCompile Include="Player.cpp" />
  </ItemGroup>
  <ItemGroup>
    <ClInclude Include="ctAnimation.h" />
    <ClInclude Include="ctApp.h" />
    <ClInclude Include="ctAudio.h" />
    <ClInclude Include="ctDefs.h" />
    <ClInclude Include="ctEntities.h" />
    <ClInclude Include="ctFadeToBlack.h" />
    <ClInclude Include="ctFonts.h" />
    <ClInclude Include="ctGui.h" />
    <ClInclude Include="ctInput.h" />
    <ClInclude Include="ctLog.h" />
    <ClInclude Include="ctModule.h" />
    <ClInclude Include="ctPerfTimer.h" />
    <ClInclude Include="ctPoint.h" />
    <ClInclude Include="ctRender.h" />
    <ClInclude Include="ctTextures.h" />
    <ClInclude Include="ctTimer.h" />
    <ClInclude Include="ctWindow.h" />
    <ClInclude Include="Entity.h" />
    <ClInclude Include="Goal.h" />
    <ClInclude Include="j1Collision.h" />
    <ClInclude Include="j1Printer.h" />
    <ClInclude Include="MemLeaks.h" />
    <ClInclude Include="pugiconfig.hpp" />
    <ClInclude Include="pugixml.hpp" />
    <ClInclude Include="SceneCity.h" />
    <ClInclude Include="UIButton.h" />
    <ClInclude Include="UIElement.h" />
    <ClInclude Include="UIImage.h" />
    <ClInclude Include="UILabel.h" />
    <ClInclude Include="UITextBox.h" />
    <ClInclude Include="Player.h" />
  </ItemGroup>
</Project>