<?xml version="1.0" encoding="utf-8"?>
<Project ToolsVersion="4.0" xmlns="http://schemas.microsoft.com/developer/msbuild/2003">
  <ItemGroup>
    <ClCompile Include="Application.cpp" />
    <ClCompile Include="Scene.cpp" />
    <ClCompile Include="ModuleInput.cpp">
      <Filter>Modules</Filter>
    </ClCompile>
    <ClCompile Include="ModulePrinter.cpp">
      <Filter>Modules</Filter>
    </ClCompile>
    <ClCompile Include="ModuleProjectiles.cpp">
      <Filter>Modules</Filter>
    </ClCompile>
    <ClCompile Include="ModuleRender.cpp">
      <Filter>Modules</Filter>
    </ClCompile>
    <ClCompile Include="ModuleWindow.cpp">
      <Filter>Modules</Filter>
    </ClCompile>
    <ClCompile Include="Projectile.cpp">
      <Filter>Projectiles</Filter>
    </ClCompile>
    <ClCompile Include="PugiXml\src\pugixml.cpp">
      <Filter>Tools</Filter>
    </ClCompile>
    <ClCompile Include="Log.cpp">
      <Filter>Tools</Filter>
    </ClCompile>
    <ClCompile Include="Timer.cpp">
      <Filter>Tools</Filter>
    </ClCompile>
    <ClCompile Include="Main.cpp" />
  </ItemGroup>
  <ItemGroup>
    <ClInclude Include="Application.h" />
    <ClInclude Include="Scene.h" />
    <ClInclude Include="ModuleWindow.h">
      <Filter>Modules</Filter>
    </ClInclude>
    <ClInclude Include="Module.h">
      <Filter>Modules</Filter>
    </ClInclude>
    <ClInclude Include="ModuleInput.h">
      <Filter>Modules</Filter>
    </ClInclude>
    <ClInclude Include="ModulePrinter.h">
      <Filter>Modules</Filter>
    </ClInclude>
    <ClInclude Include="ModuleProjectiles.h">
      <Filter>Modules</Filter>
    </ClInclude>
    <ClInclude Include="ModuleRender.h">
      <Filter>Modules</Filter>
    </ClInclude>
    <ClInclude Include="Projectile.h">
      <Filter>Projectiles</Filter>
    </ClInclude>
    <ClInclude Include="PugiXml\src\pugixml.hpp">
      <Filter>Tools</Filter>
    </ClInclude>
    <ClInclude Include="Animation.h">
      <Filter>Tools</Filter>
    </ClInclude>
    <ClInclude Include="Globals.h">
      <Filter>Tools</Filter>
    </ClInclude>
    <ClInclude Include="Log.h">
      <Filter>Tools</Filter>
    </ClInclude>
    <ClInclude Include="p2Defs.h">
      <Filter>Tools</Filter>
    </ClInclude>
    <ClInclude Include="p2Point.h">
      <Filter>Tools</Filter>
    </ClInclude>
    <ClInclude Include="Timer.h">
      <Filter>Tools</Filter>
    </ClInclude>
    <ClInclude Include="PugiXml\src\pugiconfig.hpp">
      <Filter>Tools</Filter>
    </ClInclude>
  </ItemGroup>
  <ItemGroup>
    <Xml Include="..\Game\config.xml" />
  </ItemGroup>
  <ItemGroup>
    <Filter Include="Modules">
      <UniqueIdentifier>{6c943782-e9cd-4ce2-b454-6f57dec59883}</UniqueIdentifier>
    </Filter>
    <Filter Include="Projectiles">
      <UniqueIdentifier>{330592ba-99d9-41f9-afdd-30ce00f16031}</UniqueIdentifier>
    </Filter>
    <Filter Include="Tools">
      <UniqueIdentifier>{45eac6a8-e7c6-4832-97cb-b51320f719f8}</UniqueIdentifier>
    </Filter>
  </ItemGroup>
</Project>